
Microsoft Visual Studio Solution File, Format Version 12.00
# Visual Studio 15
VisualStudioVersion = 15.0.28010.2036
MinimumVisualStudioVersion = 10.0.40219.1
Project("{8BC9CEB8-8B4A-11D0-8D11-00A0C91BC942}") = "Polinomium", "Polinomium\Polinomium.vcxproj", "{34B643C6-29FB-4D81-8D34-9CF49F1DF2B9}"
EndProject
Project("{8BC9CEB8-8B4A-11D0-8D11-00A0C91BC942}") = "FilaCircular", "FilaCircular\FilaCircular.vcxproj", "{F035CA38-714F-4ADC-92D8-58ACD01462F4}"
EndProject
Global
	GlobalSection(SolutionConfigurationPlatforms) = preSolution
		Debug|x64 = Debug|x64
		Debug|x86 = Debug|x86
		Release|x64 = Release|x64
		Release|x86 = Release|x86
	EndGlobalSection
	GlobalSection(ProjectConfigurationPlatforms) = postSolution
		{34B643C6-29FB-4D81-8D34-9CF49F1DF2B9}.Debug|x64.ActiveCfg = Debug|x64
		{34B643C6-29FB-4D81-8D34-9CF49F1DF2B9}.Debug|x64.Build.0 = Debug|x64
		{34B643C6-29FB-4D81-8D34-9CF49F1DF2B9}.Debug|x86.ActiveCfg = Debug|Win32
		{34B643C6-29FB-4D81-8D34-9CF49F1DF2B9}.Debug|x86.Build.0 = Debug|Win32
		{34B643C6-29FB-4D81-8D34-9CF49F1DF2B9}.Release|x64.ActiveCfg = Release|x64
		{34B643C6-29FB-4D81-8D34-9CF49F1DF2B9}.Release|x64.Build.0 = Release|x64
		{34B643C6-29FB-4D81-8D34-9CF49F1DF2B9}.Release|x86.ActiveCfg = Release|Win32
		{34B643C6-29FB-4D81-8D34-9CF49F1DF2B9}.Release|x86.Build.0 = Release|Win32
		{F035CA38-714F-4ADC-92D8-58ACD01462F4}.Debug|x64.ActiveCfg = Debug|x64
		{F035CA38-714F-4ADC-92D8-58ACD01462F4}.Debug|x64.Build.0 = Debug|x64
		{F035CA38-714F-4ADC-92D8-58ACD01462F4}.Debug|x86.ActiveCfg = Debug|Win32
		{F035CA38-714F-4ADC-92D8-58ACD01462F4}.Debug|x86.Build.0 = Debug|Win32
		{F035CA38-714F-4ADC-92D8-58ACD01462F4}.Release|x64.ActiveCfg = Release|x64
		{F035CA38-714F-4ADC-92D8-58ACD01462F4}.Release|x64.Build.0 = Release|x64
		{F035CA38-714F-4ADC-92D8-58ACD01462F4}.Release|x86.ActiveCfg = Release|Win32
		{F035CA38-714F-4ADC-92D8-58ACD01462F4}.Release|x86.Build.0 = Release|Win32
	EndGlobalSection
	GlobalSection(SolutionProperties) = preSolution
		HideSolutionNode = FALSE
	EndGlobalSection
	GlobalSection(ExtensibilityGlobals) = postSolution
		SolutionGuid = {CD89443B-E34A-4FEB-AFBC-E9760F3FFD09}
	EndGlobalSection
EndGlobal
